{
  "name": "taro-basic",
  "version": "1.0.0",
  "lockfileVersion": 1,
  "requires": true,
  "dependencies": {
    "@tarojs/utils": {
      "version": "1.3.1",
      "resolved": "https://registry.npm.taobao.org/@tarojs/utils/download/@tarojs/utils-1.3.1.tgz",
      "integrity": "sha1-LX8oRICcz5D1DGoVd6W4/K0KHTQ="
    },
    "@types/prop-types": {
      "version": "15.7.2",
      "resolved": "https://registry.npm.taobao.org/@types/prop-types/download/@types/prop-types-15.7.2.tgz?cache=0&sync_timestamp=1567552662049&other_urls=https%3A%2F%2Fregistry.npm.taobao.org%2F%40types%2Fprop-types%2Fdownload%2F%40types%2Fprop-types-15.7.2.tgz",
      "integrity": "sha1-DliuZnc9f9fDcqSTr/dAh47Jzqo="
    },
    "@types/react": {
      "version": "16.9.2",
      "resolved": "https://registry.npm.taobao.org/@types/react/download/@types/react-16.9.2.tgz?cache=0&other_urls=https%3A%2F%2Fregistry.npm.taobao.org%2F%40types%2Freact%2Fdownload%2F%40types%2Freact-16.9.2.tgz",
      "integrity": "sha1-bRdlQxoa0Yd5eQE5BnMarjc94mg=",
      "requires": {
        "@types/prop-types": "*",
        "csstype": "^2.2.0"
      }
    },
    "babel-runtime": {
      "version": "6.26.0",
      "resolved": "http://registry.npm.taobao.org/babel-runtime/download/babel-runtime-6.26.0.tgz",
      "integrity": "sha1-llxwWGaOgrVde/4E/yM3vItWR/4=",
      "requires": {
        "core-js": "^2.4.0",
        "regenerator-runtime": "^0.11.0"
      }
    },
    "base64-js": {
      "version": "1.3.1",
      "resolved": "https://registry.npm.taobao.org/base64-js/download/base64-js-1.3.1.tgz",
      "integrity": "sha1-WOzoy3XdB+ce0IxzarxfrE2/jfE="
    },
    "better-scroll": {
      "version": "1.15.2",
      "resolved": "https://registry.npm.taobao.org/better-scroll/download/better-scroll-1.15.2.tgz",
      "integrity": "sha1-Zf/GBYuLT/M3uN+tS8szTXaZzrY=",
      "requires": {
        "babel-runtime": "^6.0.0"
      }
    },
    "bind-decorator": {
      "version": "1.0.11",
      "resolved": "https://registry.npm.taobao.org/bind-decorator/download/bind-decorator-1.0.11.tgz",
      "integrity": "sha1-5BvAah9l3ZzsR2yRxdrzl4SIJS8="
    },
    "classnames": {
      "version": "2.2.6",
      "resolved": "https://registry.npm.taobao.org/classnames/download/classnames-2.2.6.tgz",
      "integrity": "sha1-Q5Nb/90pHzJtrQogUwmzjQD2UM4="
    },
    "core-js": {
      "version": "2.6.9",
      "resolved": "https://registry.npm.taobao.org/core-js/download/core-js-2.6.9.tgz?cache=0&sync_timestamp=1565612695976&other_urls=https%3A%2F%2Fregistry.npm.taobao.org%2Fcore-js%2Fdownload%2Fcore-js-2.6.9.tgz",
      "integrity": "sha1-a0shRiDINBUuF5Mjcn/Bl0GwhPI="
    },
    "csstype": {
      "version": "2.6.6",
      "resolved": "https://registry.npm.taobao.org/csstype/download/csstype-2.6.6.tgz?cache=0&other_urls=https%3A%2F%2Fregistry.npm.taobao.org%2Fcsstype%2Fdownload%2Fcsstype-2.6.6.tgz",
      "integrity": "sha1-w0+CJqlLuxDDLMDXFK/flCKR/EE="
    },
    "dayjs": {
      "version": "1.8.16",
      "resolved": "https://registry.npm.taobao.org/dayjs/download/dayjs-1.8.16.tgz",
      "integrity": "sha1-Kjdx3lNyVRkblHlXry/ZABLnHmQ="
    },
    "dom7": {
      "version": "2.1.3",
      "resolved": "https://registry.npm.taobao.org/dom7/download/dom7-2.1.3.tgz",
      "integrity": "sha1-pzb5w7+8TKA5qBzQlfl9HX894Zw=",
      "requires": {
        "ssr-window": "^1.0.1"
      }
    },
    "invariant": {
      "version": "2.2.4",
      "resolved": "http://registry.npm.taobao.org/invariant/download/invariant-2.2.4.tgz",
      "integrity": "sha1-YQ88ksk1nOHbYW5TgAjSP/NRWOY=",
      "requires": {
        "loose-envify": "^1.0.0"
      }
    },
    "js-tokens": {
      "version": "4.0.0",
      "resolved": "https://registry.npm.taobao.org/js-tokens/download/js-tokens-4.0.0.tgz",
      "integrity": "sha1-GSA/tZmR35jjoocFDUZHzerzJJk="
    },
    "jsonp-retry": {
      "version": "1.0.3",
      "resolved": "https://registry.npm.taobao.org/jsonp-retry/download/jsonp-retry-1.0.3.tgz",
      "integrity": "sha1-nmsYsC7HZ6Yh3US06ZQ5qKQ6ZBk=",
      "requires": {
        "object-assign": "^4.1.1"
      }
    },
    "lodash": {
      "version": "4.17.15",
      "resolved": "https://registry.npm.taobao.org/lodash/download/lodash-4.17.15.tgz",
      "integrity": "sha1-tEf2ZwoEVbv+7dETku/zMOoJdUg="
    },
    "loose-envify": {
      "version": "1.4.0",
      "resolved": "http://registry.npm.taobao.org/loose-envify/download/loose-envify-1.4.0.tgz",
      "integrity": "sha1-ce5R+nvkyuwaY4OffmgtgTLTDK8=",
      "requires": {
        "js-tokens": "^3.0.0 || ^4.0.0"
      }
    },
    "mobile-detect": {
      "version": "1.4.3",
      "resolved": "https://registry.npm.taobao.org/mobile-detect/download/mobile-detect-1.4.3.tgz",
      "integrity": "sha1-5Dajg59YB91NPNTggffTpR/9ot0="
    },
    "nerv-shared": {
      "version": "1.4.0",
      "resolved": "https://registry.npm.taobao.org/nerv-shared/download/nerv-shared-1.4.0.tgz",
      "integrity": "sha1-SukD8hWIiriGs9BK47ldUyfmf0M="
    },
    "nerv-utils": {
      "version": "1.4.3",
      "resolved": "https://registry.npm.taobao.org/nerv-utils/download/nerv-utils-1.4.3.tgz?cache=0&sync_timestamp=1561430290102&other_urls=https%3A%2F%2Fregistry.npm.taobao.org%2Fnerv-utils%2Fdownload%2Fnerv-utils-1.4.3.tgz",
      "integrity": "sha1-WiPRCRR/VvR4vu0keU/5Qv5OSSc="
    },
    "object-assign": {
      "version": "4.1.1",
      "resolved": "http://registry.npm.taobao.org/object-assign/download/object-assign-4.1.1.tgz",
      "integrity": "sha1-IQmtx5ZYh8/AXLvUQsrIv7s2CGM="
    },
    "omit.js": {
      "version": "1.0.2",
      "resolved": "https://registry.npm.taobao.org/omit.js/download/omit.js-1.0.2.tgz",
      "integrity": "sha1-kaFPDrqEBm36AVvzDkdMR/MLyFg=",
      "requires": {
        "babel-runtime": "^6.23.0"
      }
    },
    "performance-now": {
      "version": "2.1.0",
      "resolved": "http://registry.npm.taobao.org/performance-now/download/performance-now-2.1.0.tgz",
      "integrity": "sha1-Ywn04OX6kT7BxpMHrjZLSzd8nns="
    },
    "prop-types": {
      "version": "15.7.2",
      "resolved": "https://registry.npm.taobao.org/prop-types/download/prop-types-15.7.2.tgz",
      "integrity": "sha1-UsQedbjIfnK52TYOAga5ncv/psU=",
      "requires": {
        "loose-envify": "^1.4.0",
        "object-assign": "^4.1.1",
        "react-is": "^16.8.1"
      }
    },
    "raf": {
      "version": "3.4.1",
      "resolved": "http://registry.npm.taobao.org/raf/download/raf-3.4.1.tgz",
      "integrity": "sha1-B0LpmkplUvRF1z4+4DKK8P8e3jk=",
      "requires": {
        "performance-now": "^2.1.0"
      }
    },
    "react-is": {
      "version": "16.9.0",
      "resolved": "https://registry.npm.taobao.org/react-is/download/react-is-16.9.0.tgz",
      "integrity": "sha1-IcqVYTmarQ/xp3AcAWg+jKmB7cs="
    },
    "regenerator-runtime": {
      "version": "0.11.1",
      "resolved": "https://registry.npm.taobao.org/regenerator-runtime/download/regenerator-runtime-0.11.1.tgz",
      "integrity": "sha1-vgWtf5v30i4Fb5cmzuUBf78Z4uk="
    },
    "resolve-pathname": {
      "version": "3.0.0",
      "resolved": "https://registry.npm.taobao.org/resolve-pathname/download/resolve-pathname-3.0.0.tgz",
      "integrity": "sha1-mdAiJNPPJjaJvsuzk7xWAxMCXc0="
    },
    "rollup-plugin-alias": {
      "version": "1.4.0",
      "resolved": "https://registry.npm.taobao.org/rollup-plugin-alias/download/rollup-plugin-alias-1.4.0.tgz",
      "integrity": "sha1-Egy6fEZiHAMTjwym/V3SremHLbk=",
      "requires": {
        "slash": "^1.0.0"
      }
    },
    "slash": {
      "version": "1.0.0",
      "resolved": "https://registry.npm.taobao.org/slash/download/slash-1.0.0.tgz",
      "integrity": "sha1-xB8vbDn8FtHNF61LXYlhFK5HDVU="
    },
    "ssr-window": {
      "version": "1.0.1",
      "resolved": "https://registry.npm.taobao.org/ssr-window/download/ssr-window-1.0.1.tgz",
      "integrity": "sha1-MHUqakZm53Z/C35qpvwv29DZs2k="
    },
    "swiper": {
      "version": "4.5.0",
      "resolved": "https://registry.npm.taobao.org/swiper/download/swiper-4.5.0.tgz",
      "integrity": "sha1-TYcL7E9avi+yWTJYSd0mQckkPA0=",
      "requires": {
        "dom7": "^2.1.3",
        "ssr-window": "^1.0.1"
      }
    },
    "taro-code": {
      "version": "1.4.0",
      "resolved": "https://registry.npm.taobao.org/taro-code/download/taro-code-1.4.0.tgz",
      "integrity": "sha1-ZokjckZswbiTBhkhe3JmyvkEfZY=",
      "requires": {
        "@tarojs/components": "1.3.1",
        "@tarojs/router": "1.3.1",
        "@tarojs/taro": "1.3.1",
        "@tarojs/taro-alipay": "1.3.1",
        "@tarojs/taro-h5": "1.3.1",
        "@tarojs/taro-swan": "1.3.1",
        "@tarojs/taro-tt": "1.3.1",
        "@tarojs/taro-weapp": "1.3.1",
        "nerv-devtools": "^1.3.9",
        "nervjs": "^1.3.9"
      },
      "dependencies": {
        "@tarojs/components": {
          "version": "1.3.1",
          "resolved": "https://registry.npm.taobao.org/@tarojs/components/download/@tarojs/components-1.3.1.tgz",
          "integrity": "sha1-wf8zxKysSnzCdki+gA2kwEqZcpo=",
          "requires": {
            "better-scroll": "^1.14.1",
            "classnames": "^2.2.5",
            "omit.js": "^1.0.0",
            "resolve-pathname": "^3.0.0",
            "swiper": "^4.4.2",
            "weui": "^1.1.2"
          }
        },
        "@tarojs/router": {
          "version": "1.3.1",
          "resolved": "https://registry.npm.taobao.org/@tarojs/router/download/@tarojs/router-1.3.1.tgz",
          "integrity": "sha1-ifRCNS/8ilaYso4f+DdrmA41kkk=",
          "requires": {
            "invariant": "2.2.4",
            "lodash": "4.17.11",
            "resolve-pathname": "2.2.0",
            "rollup-plugin-alias": "1.4.0",
            "value-equal": "0.4.0",
            "warning": "4.0.2"
          },
          "dependencies": {
            "resolve-pathname": {
              "version": "2.2.0",
              "resolved": "https://registry.npm.taobao.org/resolve-pathname/download/resolve-pathname-2.2.0.tgz",
              "integrity": "sha1-fpriHtgV/WOrGJre7mTcgx7vqHk="
            }
          }
        },
        "@tarojs/taro": {
          "version": "1.3.1",
          "resolved": "https://registry.npm.taobao.org/@tarojs/taro/download/@tarojs/taro-1.3.1.tgz",
          "integrity": "sha1-IA6tYY7JNpqjE4CbDP5k9vJlvN4="
        },
        "@tarojs/taro-alipay": {
          "version": "1.3.1",
          "resolved": "https://registry.npm.taobao.org/@tarojs/taro-alipay/download/@tarojs/taro-alipay-1.3.1.tgz",
          "integrity": "sha1-3L7sDy2jSTpB6CwCKBxGqObZwlM=",
          "requires": {
            "@tarojs/taro": "1.3.1",
            "@tarojs/utils": "1.3.1",
            "lodash": "^4.17.10",
            "prop-types": "^15.6.1"
          }
        },
        "@tarojs/taro-h5": {
          "version": "1.3.1",
          "resolved": "https://registry.npm.taobao.org/@tarojs/taro-h5/download/@tarojs/taro-h5-1.3.1.tgz",
          "integrity": "sha1-TkO1+TvDcGXxABLmlVUdMpFrwco=",
          "requires": {
            "base64-js": "^1.3.0",
            "jsonp-retry": "^1.0.3",
            "mobile-detect": "^1.4.2",
            "raf": "^3.4.1",
            "whatwg-fetch": "^2.0.4"
          }
        },
        "@tarojs/taro-swan": {
          "version": "1.3.1",
          "resolved": "https://registry.npm.taobao.org/@tarojs/taro-swan/download/@tarojs/taro-swan-1.3.1.tgz",
          "integrity": "sha1-t1pIl9coZgxrdcLQresod8//PWU=",
          "requires": {
            "@tarojs/taro": "1.3.1",
            "@tarojs/utils": "1.3.1",
            "lodash": "^4.17.10",
            "prop-types": "^15.6.1"
          }
        },
        "@tarojs/taro-tt": {
          "version": "1.3.1",
          "resolved": "https://registry.npm.taobao.org/@tarojs/taro-tt/download/@tarojs/taro-tt-1.3.1.tgz",
          "integrity": "sha1-yk5mHkoCEOdNig91XIPlAALb7rM=",
          "requires": {
            "@tarojs/taro": "1.3.1",
            "@tarojs/utils": "1.3.1",
            "lodash": "^4.17.10",
            "prop-types": "^15.6.1"
          }
        },
        "@tarojs/taro-weapp": {
          "version": "1.3.1",
          "resolved": "https://registry.npm.taobao.org/@tarojs/taro-weapp/download/@tarojs/taro-weapp-1.3.1.tgz",
          "integrity": "sha1-8FJQERg7DPM0ZYo2HAuNucPR6v8=",
          "requires": {
            "@tarojs/taro": "1.3.1",
            "@tarojs/utils": "1.3.1",
            "lodash": "^4.17.10",
            "prop-types": "^15.6.1"
          }
        },
        "lodash": {
          "version": "4.17.11",
          "resolved": "https://registry.npm.taobao.org/lodash/download/lodash-4.17.11.tgz",
          "integrity": "sha1-s56mIp72B+zYniyN8SU2iRysm40="
        },
        "nerv-devtools": {
          "version": "1.4.4",
          "resolved": "https://registry.npm.taobao.org/nerv-devtools/download/nerv-devtools-1.4.4.tgz?cache=0&other_urls=https%3A%2F%2Fregistry.npm.taobao.org%2Fnerv-devtools%2Fdownload%2Fnerv-devtools-1.4.4.tgz",
          "integrity": "sha1-5Vjde4BJriKS2kN9Jdjo9XC3hPs=",
          "requires": {
            "nerv-shared": "1.4.0",
            "nerv-utils": "1.4.3",
            "nervjs": "1.4.4"
          }
        },
        "nervjs": {
          "version": "1.4.4",
          "resolved": "https://registry.npm.taobao.org/nervjs/download/nervjs-1.4.4.tgz?cache=0&other_urls=https%3A%2F%2Fregistry.npm.taobao.org%2Fnervjs%2Fdownload%2Fnervjs-1.4.4.tgz",
          "integrity": "sha1-qEPwpbhGcHAhpESQw2HIRA6ZAn8=",
          "requires": {
            "nerv-shared": "1.4.0",
            "nerv-utils": "1.4.3"
          }
        }
      }
    },
    "taro-ui": {
      "version": "2.2.2",
      "resolved": "https://registry.npm.taobao.org/taro-ui/download/taro-ui-2.2.2.tgz",
      "integrity": "sha1-SFhH7SrCNDw5RHeyW76kOeCtwD0=",
      "requires": {
        "@types/react": "^16.7.3",
        "bind-decorator": "^1.0.11",
        "classnames": "^2.2.6",
        "dayjs": "^1.7.7",
        "lodash": "^4.17.10",
        "prop-types": "^15.6.2"
      }
    },
    "value-equal": {
      "version": "0.4.0",
      "resolved": "https://registry.npm.taobao.org/value-equal/download/value-equal-0.4.0.tgz",
      "integrity": "sha1-xb3S9U7gk8BIOdcc4uR1imiQq8c="
    },
    "warning": {
      "version": "4.0.2",
      "resolved": "https://registry.npm.taobao.org/warning/download/warning-4.0.2.tgz?cache=0&other_urls=https%3A%2F%2Fregistry.npm.taobao.org%2Fwarning%2Fdownload%2Fwarning-4.0.2.tgz",
      "integrity": "sha1-qmh2SAhyEW+j4R1DSw0NjZHkRgc=",
      "requires": {
        "loose-envify": "^1.0.0"
      }
    },
    "weui": {
      "version": "1.1.3",
      "resolved": "https://registry.npm.taobao.org/weui/download/weui-1.1.3.tgz",
      "integrity": "sha1-DwiZu2G7LsYDsmSDZ6gTkpj4FRQ="
    },
    "whatwg-fetch": {
      "version": "2.0.4",
      "resolved": "http://registry.npm.taobao.org/whatwg-fetch/download/whatwg-fetch-2.0.4.tgz",
      "integrity": "sha1-3eal3zFfnTmZGqF2IYU9cguFVm8="
    }
  }
}
